<?xml version="1.0" encoding="utf-8"?>
<Project xmlns="http://schemas.microsoft.com/developer/msbuild/2003">
  <ItemGroup>
    <Filter Include="Generated Files">
      <UniqueIdentifier>{71ED8ED8-ACB9-4CE9-BBE1-E00B30144E11}</UniqueIdentifier>
      <Extensions>cpp;c;cxx;moc;h;def;odl;idl;res;</Extensions>
    </Filter>
    <Filter Include="Generated Files">
      <UniqueIdentifier>{71ED8ED8-ACB9-4CE9-BBE1-E00B30144E11}</UniqueIdentifier>
      <Extensions>cpp;c;cxx;moc;h;def;odl;idl;res;</Extensions>
    </Filter>
    <Filter Include="Header Files">
      <UniqueIdentifier>{93995380-89BD-4b04-88EB-625FBE52EBFB}</UniqueIdentifier>
      <Extensions>h;hpp;hxx;hm;inl;inc;xsd</Extensions>
    </Filter>
    <Filter Include="Header Files">
      <UniqueIdentifier>{93995380-89BD-4b04-88EB-625FBE52EBFB}</UniqueIdentifier>
      <Extensions>h;hpp;hxx;hm;inl;inc;xsd</Extensions>
    </Filter>
    <Filter Include="Source Files">
      <UniqueIdentifier>{4FC737F1-C7A5-4376-A066-2A32D752A2FF}</UniqueIdentifier>
      <Extensions>cpp;c;cxx;def;odl;idl;hpj;bat;asm;asmx</Extensions>
    </Filter>
    <Filter Include="Source Files">
      <UniqueIdentifier>{4FC737F1-C7A5-4376-A066-2A32D752A2FF}</UniqueIdentifier>
      <Extensions>cpp;c;cxx;def;odl;idl;hpj;bat;asm;asmx</Extensions>
    </Filter>
  </ItemGroup>
  <ItemGroup>
    <ClCompile Include="data\AbstractReadWriter.cpp">
      <Filter>Source Files</Filter>
    </ClCompile>
    <ClCompile Include="data\BridgeReadWriter.cpp">
      <Filter>Source Files</Filter>
    </ClCompile>
    <ClCompile Include="CalculateCheckSumDialog.cpp">
      <Filter>Source Files</Filter>
    </ClCompile>
    <ClCompile Include="ConvertDataDialog.cpp">
      <Filter>Source Files</Filter>
    </ClCompile>
    <ClCompile Include="DataProcessDialog.cpp">
      <Filter>Source Files</Filter>
    </ClCompile>
    <ClCompile Include="utils\FileUtil.cpp">
      <Filter>Source Files</Filter>
    </ClCompile>
    <ClCompile Include="FrameInfoDialog.cpp">
      <Filter>Source Files</Filter>
    </ClCompile>
    <ClCompile Include="serial\LineSerialController.cpp">
      <Filter>Source Files</Filter>
    </ClCompile>
    <ClCompile Include="data\SerialBridgeReadWriter.cpp">
      <Filter>Source Files</Filter>
    </ClCompile>
    <ClCompile Include="serial\SerialController.cpp">
      <Filter>Source Files</Filter>
    </ClCompile>
    <ClCompile Include="data\SerialReadWriter.cpp">
      <Filter>Source Files</Filter>
    </ClCompile>
    <ClCompile Include="data\TcpClientReadWriter.cpp">
      <Filter>Source Files</Filter>
    </ClCompile>
    <ClCompile Include="data\TcpServerReadWriter.cpp">
      <Filter>Source Files</Filter>
    </ClCompile>
    <ClCompile Include="global.cpp">
      <Filter>Source Files</Filter>
    </ClCompile>
    <ClCompile Include="main.cpp">
      <Filter>Source Files</Filter>
    </ClCompile>
    <ClCompile Include="mainwindow.cpp">
      <Filter>Source Files</Filter>
    </ClCompile>
  </ItemGroup>
  <ItemGroup>
    <QtMoc Include="data\AbstractReadWriter.h">
      <Filter>Header Files</Filter>
    </QtMoc>
    <QtMoc Include="data\BridgeReadWriter.h">
      <Filter>Header Files</Filter>
    </QtMoc>
    <QtMoc Include="CalculateCheckSumDialog.h">
      <Filter>Header Files</Filter>
    </QtMoc>
    <QtMoc Include="ConvertDataDialog.h">
      <Filter>Header Files</Filter>
    </QtMoc>
    <QtMoc Include="DataProcessDialog.h">
      <Filter>Header Files</Filter>
    </QtMoc>
    <ClInclude Include="utils\FileUtil.h">
      <Filter>Header Files</Filter>
    </ClInclude>
    <QtMoc Include="FrameInfoDialog.h">
      <Filter>Header Files</Filter>
    </QtMoc>
    <QtMoc Include="serial\LineSerialController.h">
      <Filter>Header Files</Filter>
    </QtMoc>
    <QtMoc Include="data\SerialBridgeReadWriter.h">
      <Filter>Header Files</Filter>
    </QtMoc>
    <QtMoc Include="serial\SerialController.h">
      <Filter>Header Files</Filter>
    </QtMoc>
    <QtMoc Include="data\SerialReadWriter.h">
      <Filter>Header Files</Filter>
    </QtMoc>
    <QtMoc Include="data\TcpClientReadWriter.h">
      <Filter>Header Files</Filter>
    </QtMoc>
    <QtMoc Include="data\TcpServerReadWriter.h">
      <Filter>Header Files</Filter>
    </QtMoc>
    <ClInclude Include="global.h">
      <Filter>Header Files</Filter>
    </ClInclude>
    <QtMoc Include="mainwindow.h">
      <Filter>Header Files</Filter>
    </QtMoc>
  </ItemGroup>
  <ItemGroup>
    
    
    
    
    
    
    
    
    
    
    
    
    
    
    
    
    
    
    
    
    
    
    
    
    
    
    <CustomBuild Include="debug\moc_predefs.h.cbt">
      <Filter>Generated Files</Filter>
    </CustomBuild>
    <CustomBuild Include="release\moc_predefs.h.cbt">
      <Filter>Generated Files</Filter>
    </CustomBuild>
  </ItemGroup>
</Project>